// !$*UTF8*$!
{
	archiveVersion = 1;
	classes = {
	};
	objectVersion = 55;
	objects = {

/* Begin PBXBuildFile section */
		801AFDF02810EA9F00AE3C53 /* Background.swift in Sources */ = {isa = PBXBuildFile; fileRef = 801AFDEF2810EA9F00AE3C53 /* Background.swift */; };
		801AFDF22810EE3200AE3C53 /* DarkModeViewModifier.swift in Sources */ = {isa = PBXBuildFile; fileRef = 801AFDF12810EE3200AE3C53 /* DarkModeViewModifier.swift */; };
		801AFDF42811020500AE3C53 /* ExtensionOnImage.swift in Sources */ = {isa = PBXBuildFile; fileRef = 801AFDF32811020500AE3C53 /* ExtensionOnImage.swift */; };
		80670D6A2808FB31007C135C /* D_E_M_TrustApp.swift in Sources */ = {isa = PBXBuildFile; fileRef = 80670D692808FB31007C135C /* D_E_M_TrustApp.swift */; };
		80670D6C2808FB31007C135C /* VideoplayerView.swift in Sources */ = {isa = PBXBuildFile; fileRef = 80670D6B2808FB31007C135C /* VideoplayerView.swift */; };
		80670D6E2808FB32007C135C /* Assets.xcassets in Resources */ = {isa = PBXBuildFile; fileRef = 80670D6D2808FB32007C135C /* Assets.xcassets */; };
		80670D712808FB32007C135C /* Preview Assets.xcassets in Resources */ = {isa = PBXBuildFile; fileRef = 80670D702808FB32007C135C /* Preview Assets.xcassets */; };
		80670D782809025A007C135C /* DEMT&Resilience40.mp4 in Resources */ = {isa = PBXBuildFile; fileRef = 80670D772809025A007C135C /* DEMT&Resilience40.mp4 */; };
		80C2B207280A492200419E75 /* ExtensionOnView.swift in Sources */ = {isa = PBXBuildFile; fileRef = 80C2B206280A492200419E75 /* ExtensionOnView.swift */; };
		80E830DC280F6392008619C9 /* LaunchPoint.swift in Sources */ = {isa = PBXBuildFile; fileRef = 80E830DB280F6392008619C9 /* LaunchPoint.swift */; };
		80E830DE280F85DA008619C9 /* ExtensionOnColor.swift in Sources */ = {isa = PBXBuildFile; fileRef = 80E830DD280F85DA008619C9 /* ExtensionOnColor.swift */; };
		80E830E0280F8698008619C9 /* ExtensionOnLinearGradient.swift in Sources */ = {isa = PBXBuildFile; fileRef = 80E830DF280F8698008619C9 /* ExtensionOnLinearGradient.swift */; };
		80E830E4280F87E1008619C9 /* RoundedCorner.swift in Sources */ = {isa = PBXBuildFile; fileRef = 80E830E3280F87E1008619C9 /* RoundedCorner.swift */; };
		80E830E6280F88A3008619C9 /* OffsetModifier.swift in Sources */ = {isa = PBXBuildFile; fileRef = 80E830E5280F88A3008619C9 /* OffsetModifier.swift */; };
		80E830E8280F893F008619C9 /* ExtensionOnString.swift in Sources */ = {isa = PBXBuildFile; fileRef = 80E830E7280F893F008619C9 /* ExtensionOnString.swift */; };
		80E830EE2810C18A008619C9 /* LiquidSwipe.swift in Sources */ = {isa = PBXBuildFile; fileRef = 80E830ED2810C18A008619C9 /* LiquidSwipe.swift */; };
/* End PBXBuildFile section */

/* Begin PBXFileReference section */
		801AFDEF2810EA9F00AE3C53 /* Background.swift */ = {isa = PBXFileReference; lastKnownFileType = sourcecode.swift; path = Background.swift; sourceTree = "<group>"; };
		801AFDF12810EE3200AE3C53 /* DarkModeViewModifier.swift */ = {isa = PBXFileReference; lastKnownFileType = sourcecode.swift; path = DarkModeViewModifier.swift; sourceTree = "<group>"; };
		801AFDF32811020500AE3C53 /* ExtensionOnImage.swift */ = {isa = PBXFileReference; lastKnownFileType = sourcecode.swift; path = ExtensionOnImage.swift; sourceTree = "<group>"; };
		801AFDF52812587100AE3C53 /* D-E-M-Trust-Info.plist */ = {isa = PBXFileReference; lastKnownFileType = text.plist; path = "D-E-M-Trust-Info.plist"; sourceTree = SOURCE_ROOT; };
		80670D662808FB31007C135C /* D.E.M.Trust.app */ = {isa = PBXFileReference; explicitFileType = wrapper.application; includeInIndex = 0; path = D.E.M.Trust.app; sourceTree = BUILT_PRODUCTS_DIR; };
		80670D692808FB31007C135C /* D_E_M_TrustApp.swift */ = {isa = PBXFileReference; lastKnownFileType = sourcecode.swift; path = D_E_M_TrustApp.swift; sourceTree = "<group>"; };
		80670D6B2808FB31007C135C /* VideoplayerView.swift */ = {isa = PBXFileReference; lastKnownFileType = sourcecode.swift; path = VideoplayerView.swift; sourceTree = "<group>"; };
		80670D6D2808FB32007C135C /* Assets.xcassets */ = {isa = PBXFileReference; lastKnownFileType = folder.assetcatalog; path = Assets.xcassets; sourceTree = "<group>"; };
		80670D702808FB32007C135C /* Preview Assets.xcassets */ = {isa = PBXFileReference; lastKnownFileType = folder.assetcatalog; path = "Preview Assets.xcassets"; sourceTree = "<group>"; };
		80670D772809025A007C135C /* DEMT&Resilience40.mp4 */ = {isa = PBXFileReference; lastKnownFileType = file; path = "DEMT&Resilience40.mp4"; sourceTree = "<group>"; };
		80C2B206280A492200419E75 /* ExtensionOnView.swift */ = {isa = PBXFileReference; fileEncoding = 4; lastKnownFileType = sourcecode.swift; path = ExtensionOnView.swift; sourceTree = "<group>"; };
		80E830DB280F6392008619C9 /* LaunchPoint.swift */ = {isa = PBXFileReference; lastKnownFileType = sourcecode.swift; path = LaunchPoint.swift; sourceTree = "<group>"; };
		80E830DD280F85DA008619C9 /* ExtensionOnColor.swift */ = {isa = PBXFileReference; lastKnownFileType = sourcecode.swift; path = ExtensionOnColor.swift; sourceTree = "<group>"; };
		80E830DF280F8698008619C9 /* ExtensionOnLinearGradient.swift */ = {isa = PBXFileReference; lastKnownFileType = sourcecode.swift; path = ExtensionOnLinearGradient.swift; sourceTree = "<group>"; };
		80E830E3280F87E1008619C9 /* RoundedCorner.swift */ = {isa = PBXFileReference; lastKnownFileType = sourcecode.swift; path = RoundedCorner.swift; sourceTree = "<group>"; };
		80E830E5280F88A3008619C9 /* OffsetModifier.swift */ = {isa = PBXFileReference; lastKnownFileType = sourcecode.swift; path = OffsetModifier.swift; sourceTree = "<group>"; };
		80E830E7280F893F008619C9 /* ExtensionOnString.swift */ = {isa = PBXFileReference; lastKnownFileType = sourcecode.swift; path = ExtensionOnString.swift; sourceTree = "<group>"; };
		80E830ED2810C18A008619C9 /* LiquidSwipe.swift */ = {isa = PBXFileReference; lastKnownFileType = sourcecode.swift; path = LiquidSwipe.swift; sourceTree = "<group>"; };
/* End PBXFileReference section */

/* Begin PBXFrameworksBuildPhase section */
		80670D632808FB31007C135C /* Frameworks */ = {
			isa = PBXFrameworksBuildPhase;
			buildActionMask = 2147483647;
			files = (
			);
			runOnlyForDeploymentPostprocessing = 0;
		};
/* End PBXFrameworksBuildPhase section */

/* Begin PBXGroup section */
		801AFDEE2810E94700AE3C53 /* Views */ = {
			isa = PBXGroup;
			children = (
				80670D6B2808FB31007C135C /* VideoplayerView.swift */,
				80E830DB280F6392008619C9 /* LaunchPoint.swift */,
				801AFDEF2810EA9F00AE3C53 /* Background.swift */,
			);
			path = Views;
			sourceTree = "<group>";
		};
		80670D5D2808FB31007C135C = {
			isa = PBXGroup;
			children = (
				80670D772809025A007C135C /* DEMT&Resilience40.mp4 */,
				80670D682808FB31007C135C /* D.E.M.Trust */,
				80670D672808FB31007C135C /* Products */,
			);
			sourceTree = "<group>";
		};
		80670D672808FB31007C135C /* Products */ = {
			isa = PBXGroup;
			children = (
				80670D662808FB31007C135C /* D.E.M.Trust.app */,
			);
			name = Products;
			sourceTree = "<group>";
		};
		80670D682808FB31007C135C /* D.E.M.Trust */ = {
			isa = PBXGroup;
			children = (
				801AFDF52812587100AE3C53 /* D-E-M-Trust-Info.plist */,
				80670D692808FB31007C135C /* D_E_M_TrustApp.swift */,
				80E830EC280F8EC9008619C9 /* Modifiers */,
				80E830EB280F8E95008619C9 /* Shapes */,
				801AFDEE2810E94700AE3C53 /* Views */,
				80E830EA280F8B21008619C9 /* Extensions */,
				80670D6D2808FB32007C135C /* Assets.xcassets */,
				80670D6F2808FB32007C135C /* Preview Content */,
			);
			path = D.E.M.Trust;
			sourceTree = "<group>";
		};
		80670D6F2808FB32007C135C /* Preview Content */ = {
			isa = PBXGroup;
			children = (
				80670D702808FB32007C135C /* Preview Assets.xcassets */,
			);
			path = "Preview Content";
			sourceTree = "<group>";
		};
		80E830EA280F8B21008619C9 /* Extensions */ = {
			isa = PBXGroup;
			children = (
				80C2B206280A492200419E75 /* ExtensionOnView.swift */,
				80E830E7280F893F008619C9 /* ExtensionOnString.swift */,
				80E830DD280F85DA008619C9 /* ExtensionOnColor.swift */,
				80E830DF280F8698008619C9 /* ExtensionOnLinearGradient.swift */,
				801AFDF32811020500AE3C53 /* ExtensionOnImage.swift */,
			);
			path = Extensions;
			sourceTree = "<group>";
		};
		80E830EB280F8E95008619C9 /* Shapes */ = {
			isa = PBXGroup;
			children = (
				80E830E3280F87E1008619C9 /* RoundedCorner.swift */,
				80E830ED2810C18A008619C9 /* LiquidSwipe.swift */,
			);
			path = Shapes;
			sourceTree = "<group>";
		};
		80E830EC280F8EC9008619C9 /* Modifiers */ = {
			isa = PBXGroup;
			children = (
				80E830E5280F88A3008619C9 /* OffsetModifier.swift */,
				801AFDF12810EE3200AE3C53 /* DarkModeViewModifier.swift */,
			);
			path = Modifiers;
			sourceTree = "<group>";
		};
/* End PBXGroup section */

/* Begin PBXNativeTarget section */
		80670D652808FB31007C135C /* D.E.M.Trust */ = {
			isa = PBXNativeTarget;
			buildConfigurationList = 80670D742808FB32007C135C /* Build configuration list for PBXNativeTarget "D.E.M.Trust" */;
			buildPhases = (
				80670D622808FB31007C135C /* Sources */,
				80670D632808FB31007C135C /* Frameworks */,
				80670D642808FB31007C135C /* Resources */,
			);
			buildRules = (
			);
			dependencies = (
			);
			name = D.E.M.Trust;
			productName = D.E.M.Trust;
			productReference = 80670D662808FB31007C135C /* D.E.M.Trust.app */;
			productType = "com.apple.product-type.application";
		};
/* End PBXNativeTarget section */

/* Begin PBXProject section */
		80670D5E2808FB31007C135C /* Project object */ = {
			isa = PBXProject;
			attributes = {
				BuildIndependentTargetsInParallel = 1;
				LastSwiftUpdateCheck = 1330;
				LastUpgradeCheck = 1330;
				TargetAttributes = {
					80670D652808FB31007C135C = {
						CreatedOnToolsVersion = 13.3;
					};
				};
			};
			buildConfigurationList = 80670D612808FB31007C135C /* Build configuration list for PBXProject "D.E.M.Trust" */;
			compatibilityVersion = "Xcode 13.0";
			developmentRegion = en;
			hasScannedForEncodings = 0;
			knownRegions = (
				en,
				Base,
			);
			mainGroup = 80670D5D2808FB31007C135C;
			productRefGroup = 80670D672808FB31007C135C /* Products */;
			projectDirPath = "";
			projectRoot = "";
			targets = (
				80670D652808FB31007C135C /* D.E.M.Trust */,
			);
		};
/* End PBXProject section */

/* Begin PBXResourcesBuildPhase section */
		80670D642808FB31007C135C /* Resources */ = {
			isa = PBXResourcesBuildPhase;
			buildActionMask = 2147483647;
			files = (
				80670D782809025A007C135C /* DEMT&Resilience40.mp4 in Resources */,
				80670D712808FB32007C135C /* Preview Assets.xcassets in Resources */,
				80670D6E2808FB32007C135C /* Assets.xcassets in Resources */,
			);
			runOnlyForDeploymentPostprocessing = 0;
		};
/* End PBXResourcesBuildPhase section */

/* Begin PBXSourcesBuildPhase section */
		80670D622808FB31007C135C /* Sources */ = {
			isa = PBXSourcesBuildPhase;
			buildActionMask = 2147483647;
			files = (
				801AFDF02810EA9F00AE3C53 /* Background.swift in Sources */,
				80E830EE2810C18A008619C9 /* LiquidSwipe.swift in Sources */,
				80C2B207280A492200419E75 /* ExtensionOnView.swift in Sources */,
				80E830DC280F6392008619C9 /* LaunchPoint.swift in Sources */,
				80670D6C2808FB31007C135C /* VideoplayerView.swift in Sources */,
				80E830E0280F8698008619C9 /* ExtensionOnLinearGradient.swift in Sources */,
				801AFDF22810EE3200AE3C53 /* DarkModeViewModifier.swift in Sources */,
				80670D6A2808FB31007C135C /* D_E_M_TrustApp.swift in Sources */,
				80E830E6280F88A3008619C9 /* OffsetModifier.swift in Sources */,
				80E830DE280F85DA008619C9 /* ExtensionOnColor.swift in Sources */,
				801AFDF42811020500AE3C53 /* ExtensionOnImage.swift in Sources */,
				80E830E4280F87E1008619C9 /* RoundedCorner.swift in Sources */,
				80E830E8280F893F008619C9 /* ExtensionOnString.swift in Sources */,
			);
			runOnlyForDeploymentPostprocessing = 0;
		};
/* End PBXSourcesBuildPhase section */

/* Begin XCBuildConfiguration section */
		80670D722808FB32007C135C /* Debug */ = {
			isa = XCBuildConfiguration;
			buildSettings = {
				ALWAYS_SEARCH_USER_PATHS = NO;
				CLANG_ANALYZER_NONNULL = YES;
				CLANG_ANALYZER_NUMBER_OBJECT_CONVERSION = YES_AGGRESSIVE;
				CLANG_CXX_LANGUAGE_STANDARD = "gnu++17";
				CLANG_ENABLE_MODULES = YES;
				CLANG_ENABLE_OBJC_ARC = YES;
				CLANG_ENABLE_OBJC_WEAK = YES;
				CLANG_WARN_BLOCK_CAPTURE_AUTORELEASING = YES;
				CLANG_WARN_BOOL_CONVERSION = YES;
				CLANG_WARN_COMMA = YES;
				CLANG_WARN_CONSTANT_CONVERSION = YES;
				CLANG_WARN_DEPRECATED_OBJC_IMPLEMENTATIONS = YES;
				CLANG_WARN_DIRECT_OBJC_ISA_USAGE = YES_ERROR;
				CLANG_WARN_DOCUMENTATION_COMMENTS = YES;
				CLANG_WARN_EMPTY_BODY = YES;
				CLANG_WARN_ENUM_CONVERSION = YES;
				CLANG_WARN_INFINITE_RECURSION = YES;
				CLANG_WARN_INT_CONVERSION = YES;
				CLANG_WARN_NON_LITERAL_NULL_CONVERSION = YES;
				CLANG_WARN_OBJC_IMPLICIT_RETAIN_SELF = YES;
				CLANG_WARN_OBJC_LITERAL_CONVERSION = YES;
				CLANG_WARN_OBJC_ROOT_CLASS = YES_ERROR;
				CLANG_WARN_QUOTED_INCLUDE_IN_FRAMEWORK_HEADER = YES;
				CLANG_WARN_RANGE_LOOP_ANALYSIS = YES;
				CLANG_WARN_STRICT_PROTOTYPES = YES;
				CLANG_WARN_SUSPICIOUS_MOVE = YES;
				CLANG_WARN_UNGUARDED_AVAILABILITY = YES_AGGRESSIVE;
				CLANG_WARN_UNREACHABLE_CODE = YES;
				CLANG_WARN__DUPLICATE_METHOD_MATCH = YES;
				COPY_PHASE_STRIP = NO;
				DEBUG_INFORMATION_FORMAT = dwarf;
				ENABLE_STRICT_OBJC_MSGSEND = YES;
				ENABLE_TESTABILITY = YES;
				GCC_C_LANGUAGE_STANDARD = gnu11;
				GCC_DYNAMIC_NO_PIC = NO;
				GCC_NO_COMMON_BLOCKS = YES;
				GCC_OPTIMIZATION_LEVEL = 0;
				GCC_PREPROCESSOR_DEFINITIONS = (
					"DEBUG=1",
					"$(inherited)",
				);
				GCC_WARN_64_TO_32_BIT_CONVERSION = YES;
				GCC_WARN_ABOUT_RETURN_TYPE = YES_ERROR;
				GCC_WARN_UNDECLARED_SELECTOR = YES;
				GCC_WARN_UNINITIALIZED_AUTOS = YES_AGGRESSIVE;
				GCC_WARN_UNUSED_FUNCTION = YES;
				GCC_WARN_UNUSED_VARIABLE = YES;
				IPHONEOS_DEPLOYMENT_TARGET = 15.4;
				MTL_ENABLE_DEBUG_INFO = INCLUDE_SOURCE;
				MTL_FAST_MATH = YES;
				ONLY_ACTIVE_ARCH = YES;
				SDKROOT = iphoneos;
				SWIFT_ACTIVE_COMPILATION_CONDITIONS = DEBUG;
				SWIFT_OPTIMIZATION_LEVEL = "-Onone";
			};
			name = Debug;
		};
		80670D732808FB32007C135C /* Release */ = {
			isa = XCBuildConfiguration;
			buildSettings = {
				ALWAYS_SEARCH_USER_PATHS = NO;
				CLANG_ANALYZER_NONNULL = YES;
				CLANG_ANALYZER_NUMBER_OBJECT_CONVERSION = YES_AGGRESSIVE;
				CLANG_CXX_LANGUAGE_STANDARD = "gnu++17";
				CLANG_ENABLE_MODULES = YES;
				CLANG_ENABLE_OBJC_ARC = YES;
				CLANG_ENABLE_OBJC_WEAK = YES;
				CLANG_WARN_BLOCK_CAPTURE_AUTORELEASING = YES;
				CLANG_WARN_BOOL_CONVERSION = YES;
				CLANG_WARN_COMMA = YES;
				CLANG_WARN_CONSTANT_CONVERSION = YES;
				CLANG_WARN_DEPRECATED_OBJC_IMPLEMENTATIONS = YES;
				CLANG_WARN_DIRECT_OBJC_ISA_USAGE = YES_ERROR;
				CLANG_WARN_DOCUMENTATION_COMMENTS = YES;
				CLANG_WARN_EMPTY_BODY = YES;
				CLANG_WARN_ENUM_CONVERSION = YES;
				CLANG_WARN_INFINITE_RECURSION = YES;
				CLANG_WARN_INT_CONVERSION = YES;
				CLANG_WARN_NON_LITERAL_NULL_CONVERSION = YES;
				CLANG_WARN_OBJC_IMPLICIT_RETAIN_SELF = YES;
				CLANG_WARN_OBJC_LITERAL_CONVERSION = YES;
				CLANG_WARN_OBJC_ROOT_CLASS = YES_ERROR;
				CLANG_WARN_QUOTED_INCLUDE_IN_FRAMEWORK_HEADER = YES;
				CLANG_WARN_RANGE_LOOP_ANALYSIS = YES;
				CLANG_WARN_STRICT_PROTOTYPES = YES;
				CLANG_WARN_SUSPICIOUS_MOVE = YES;
				CLANG_WARN_UNGUARDED_AVAILABILITY = YES_AGGRESSIVE;
				CLANG_WARN_UNREACHABLE_CODE = YES;
				CLANG_WARN__DUPLICATE_METHOD_MATCH = YES;
				COPY_PHASE_STRIP = NO;
				DEBUG_INFORMATION_FORMAT = "dwarf-with-dsym";
				ENABLE_NS_ASSERTIONS = NO;
				ENABLE_STRICT_OBJC_MSGSEND = YES;
				GCC_C_LANGUAGE_STANDARD = gnu11;
				GCC_NO_COMMON_BLOCKS = YES;
				GCC_WARN_64_TO_32_BIT_CONVERSION = YES;
				GCC_WARN_ABOUT_RETURN_TYPE = YES_ERROR;
				GCC_WARN_UNDECLARED_SELECTOR = YES;
				GCC_WARN_UNINITIALIZED_AUTOS = YES_AGGRESSIVE;
				GCC_WARN_UNUSED_FUNCTION = YES;
				GCC_WARN_UNUSED_VARIABLE = YES;
				IPHONEOS_DEPLOYMENT_TARGET = 15.4;
				MTL_ENABLE_DEBUG_INFO = NO;
				MTL_FAST_MATH = YES;
				SDKROOT = iphoneos;
				SWIFT_COMPILATION_MODE = wholemodule;
				SWIFT_OPTIMIZATION_LEVEL = "-O";
				VALIDATE_PRODUCT = YES;
			};
			name = Release;
		};
		80670D752808FB32007C135C /* Debug */ = {
			isa = XCBuildConfiguration;
			buildSettings = {
				ASSETCATALOG_COMPILER_APPICON_NAME = AppIcon;
				ASSETCATALOG_COMPILER_GLOBAL_ACCENT_COLOR_NAME = AccentColor;
				CODE_SIGN_STYLE = Automatic;
				CURRENT_PROJECT_VERSION = 1;
				DEVELOPMENT_ASSET_PATHS = "\"D.E.M.Trust/Preview Content\"";
				DEVELOPMENT_TEAM = ZD3ZX8KHC6;
				ENABLE_PREVIEWS = YES;
				GENERATE_INFOPLIST_FILE = YES;
				INFOPLIST_FILE = "D-E-M-Trust-Info.plist";
				INFOPLIST_KEY_UIApplicationSupportsIndirectInputEvents = YES;
				INFOPLIST_KEY_UILaunchScreen_Generation = YES;
				INFOPLIST_KEY_UISupportedInterfaceOrientations = UIInterfaceOrientationPortrait;
				INFOPLIST_KEY_UISupportedInterfaceOrientations_iPad = "UIInterfaceOrientationPortrait UIInterfaceOrientationPortraitUpsideDown UIInterfaceOrientationLandscapeLeft UIInterfaceOrientationLandscapeRight";
				INFOPLIST_KEY_UISupportedInterfaceOrientations_iPhone = "UIInterfaceOrientationPortrait UIInterfaceOrientationLandscapeLeft UIInterfaceOrientationLandscapeRight";
				LD_RUNPATH_SEARCH_PATHS = (
					"$(inherited)",
					"@executable_path/Frameworks",
				);
				MARKETING_VERSION = 1.0;
				PRODUCT_BUNDLE_IDENTIFIER = "supernovaonline.D-E-M-Trust";
				PRODUCT_NAME = "$(TARGET_NAME)";
				SWIFT_EMIT_LOC_STRINGS = YES;
				SWIFT_VERSION = 5.0;
				TARGETED_DEVICE_FAMILY = "1,2";
			};
			name = Debug;
		};
		80670D762808FB32007C135C /* Release */ = {
			isa = XCBuildConfiguration;
			buildSettings = {
				ASSETCATALOG_COMPILER_APPICON_NAME = AppIcon;
				ASSETCATALOG_COMPILER_GLOBAL_ACCENT_COLOR_NAME = AccentColor;
				CODE_SIGN_STYLE = Automatic;
				CURRENT_PROJECT_VERSION = 1;
				DEVELOPMENT_ASSET_PATHS = "\"D.E.M.Trust/Preview Content\"";
				DEVELOPMENT_TEAM = ZD3ZX8KHC6;
				ENABLE_PREVIEWS = YES;
				GENERATE_INFOPLIST_FILE = YES;
				INFOPLIST_FILE = "D-E-M-Trust-Info.plist";
				INFOPLIST_KEY_UIApplicationSupportsIndirectInputEvents = YES;
				INFOPLIST_KEY_UILaunchScreen_Generation = YES;
				INFOPLIST_KEY_UISupportedInterfaceOrientations = UIInterfaceOrientationPortrait;
				INFOPLIST_KEY_UISupportedInterfaceOrientations_iPad = "UIInterfaceOrientationPortrait UIInterfaceOrientationPortraitUpsideDown UIInterfaceOrientationLandscapeLeft UIInterfaceOrientationLandscapeRight";
				INFOPLIST_KEY_UISupportedInterfaceOrientations_iPhone = "UIInterfaceOrientationPortrait UIInterfaceOrientationLandscapeLeft UIInterfaceOrientationLandscapeRight";
				LD_RUNPATH_SEARCH_PATHS = (
					"$(inherited)",
					"@executable_path/Frameworks",
				);
				MARKETING_VERSION = 1.0;
				PRODUCT_BUNDLE_IDENTIFIER = "supernovaonline.D-E-M-Trust";
				PRODUCT_NAME = "$(TARGET_NAME)";
				SWIFT_EMIT_LOC_STRINGS = YES;
				SWIFT_VERSION = 5.0;
				TARGETED_DEVICE_FAMILY = "1,2";
			};
			name = Release;
		};
/* End XCBuildConfiguration section */

/* Begin XCConfigurationList section */
		80670D612808FB31007C135C /* Build configuration list for PBXProject "D.E.M.Trust" */ = {
			isa = XCConfigurationList;
			buildConfigurations = (
				80670D722808FB32007C135C /* Debug */,
				80670D732808FB32007C135C /* Release */,
			);
			defaultConfigurationIsVisible = 0;
			defaultConfigurationName = Release;
		};
		80670D742808FB32007C135C /* Build configuration list for PBXNativeTarget "D.E.M.Trust" */ = {
			isa = XCConfigurationList;
			buildConfigurations = (
				80670D752808FB32007C135C /* Debug */,
				80670D762808FB32007C135C /* Release */,
			);
			defaultConfigurationIsVisible = 0;
			defaultConfigurationName = Release;
		};
/* End XCConfigurationList section */
	};
	rootObject = 80670D5E2808FB31007C135C /* Project object */;
}
